Microsoft Visual Studio Solution File, Format Version 11.00
# Visual Studio 2008

Project("{4A7EA4C5-9E76-191A-6F08-2695B76788F3}") = "FutileExt", "Assembly-CSharp-firstpass-vs.csproj", "{6515498A-D14B-FFA8-6280-E662B19F4647}"
EndProject
Project("{4A7EA4C5-9E76-191A-6F08-2695B76788F3}") = "FutileExt", "Assembly-CSharp-vs.csproj", "{887F77F3-0DBF-2B95-0CAB-9DA077619EF0}"
EndProject
Global
	GlobalSection(SolutionConfigurationPlatforms) = preSolution
		Debug|Any CPU = Debug|Any CPU
		Release|Any CPU = Release|Any CPU
	EndGlobalSection
	GlobalSection(ProjectConfigurationPlatforms) = postSolution
		{6515498A-D14B-FFA8-6280-E662B19F4647}.Debug|Any CPU.ActiveCfg = Debug|Any CPU
		{6515498A-D14B-FFA8-6280-E662B19F4647}.Debug|Any CPU.Build.0 = Debug|Any CPU
		{6515498A-D14B-FFA8-6280-E662B19F4647}.Release|Any CPU.ActiveCfg = Release|Any CPU
		{6515498A-D14B-FFA8-6280-E662B19F4647}.Release|Any CPU.Build.0 = Release|Any CPU
		{887F77F3-0DBF-2B95-0CAB-9DA077619EF0}.Debug|Any CPU.ActiveCfg = Debug|Any CPU
		{887F77F3-0DBF-2B95-0CAB-9DA077619EF0}.Debug|Any CPU.Build.0 = Debug|Any CPU
		{887F77F3-0DBF-2B95-0CAB-9DA077619EF0}.Release|Any CPU.ActiveCfg = Release|Any CPU
		{887F77F3-0DBF-2B95-0CAB-9DA077619EF0}.Release|Any CPU.Build.0 = Release|Any CPU
	EndGlobalSection
	GlobalSection(SolutionProperties) = preSolution
		HideSolutionNode = FALSE
	EndGlobalSection
		GlobalSection(MonoDevelopProperties) = preSolution
		StartupItem = Assembly-CSharp.csproj
		Policies = $0
		$0.TextStylePolicy = $1
		$1.inheritsSet = null
		$1.scope = text/x-csharp
		$0.CSharpFormattingPolicy = $2
		$2.inheritsSet = Mono
		$2.inheritsScope = text/x-csharp
		$2.scope = text/x-csharp
		$0.TextStylePolicy = $3
		$3.FileWidth = 120
		$3.TabWidth = 4
		$3.EolMarker = Unix
		$3.inheritsSet = Mono
		$3.inheritsScope = text/plain
		$3.scope = text/plain
	EndGlobalSection

EndGlobal
